
Microsoft Visual Studio Solution File, Format Version 12.00
# Visual Studio Version 17
VisualStudioVersion = 17.3.32929.385
MinimumVisualStudioVersion = 10.0.40219.1
Project("{FAE04EC0-301F-11D3-BF4B-00C04F79EFBC}") = "Matriz - Atividade 6", "Matriz - Atividade 6\Matriz - Atividade 6.csproj", "{CD24333D-71E5-443B-9EAB-83A055A08FA8}"
EndProject
Global
	GlobalSection(SolutionConfigurationPlatforms) = preSolution
		Debug|Any CPU = Debug|Any CPU
		Release|Any CPU = Release|Any CPU
	EndGlobalSection
	GlobalSection(ProjectConfigurationPlatforms) = postSolution
		{CD24333D-71E5-443B-9EAB-83A055A08FA8}.Debug|Any CPU.ActiveCfg = Debug|Any CPU
		{CD24333D-71E5-443B-9EAB-83A055A08FA8}.Debug|Any CPU.Build.0 = Debug|Any CPU
		{CD24333D-71E5-443B-9EAB-83A055A08FA8}.Release|Any CPU.ActiveCfg = Release|Any CPU
		{CD24333D-71E5-443B-9EAB-83A055A08FA8}.Release|Any CPU.Build.0 = Release|Any CPU
	EndGlobalSection
	GlobalSection(SolutionProperties) = preSolution
		HideSolutionNode = FALSE
	EndGlobalSection
	GlobalSection(ExtensibilityGlobals) = postSolution
		SolutionGuid = {C5254132-F8C1-4580-A3A5-2B8BBA75B2AA}
	EndGlobalSection
EndGlobal
