
Microsoft Visual Studio Solution File, Format Version 12.00
# Visual Studio Version 17
VisualStudioVersion = 17.3.32929.385
MinimumVisualStudioVersion = 10.0.40219.1
Project("{FAE04EC0-301F-11D3-BF4B-00C04F79EFBC}") = "Lógica de Programação - Atividade 7", "Lógica de Programação - Atividade 7\Lógica de Programação - Atividade 7.csproj", "{C863DFF6-D7DE-4C7C-9825-6A8EAD18E0ED}"
EndProject
Global
	GlobalSection(SolutionConfigurationPlatforms) = preSolution
		Debug|Any CPU = Debug|Any CPU
		Release|Any CPU = Release|Any CPU
	EndGlobalSection
	GlobalSection(ProjectConfigurationPlatforms) = postSolution
		{C863DFF6-D7DE-4C7C-9825-6A8EAD18E0ED}.Debug|Any CPU.ActiveCfg = Debug|Any CPU
		{C863DFF6-D7DE-4C7C-9825-6A8EAD18E0ED}.Debug|Any CPU.Build.0 = Debug|Any CPU
		{C863DFF6-D7DE-4C7C-9825-6A8EAD18E0ED}.Release|Any CPU.ActiveCfg = Release|Any CPU
		{C863DFF6-D7DE-4C7C-9825-6A8EAD18E0ED}.Release|Any CPU.Build.0 = Release|Any CPU
	EndGlobalSection
	GlobalSection(SolutionProperties) = preSolution
		HideSolutionNode = FALSE
	EndGlobalSection
	GlobalSection(ExtensibilityGlobals) = postSolution
		SolutionGuid = {81B4BDE0-2128-456F-A2DD-EDF21005C697}
	EndGlobalSection
EndGlobal
