
Microsoft Visual Studio Solution File, Format Version 12.00
# Visual Studio Version 17
VisualStudioVersion = 17.3.32929.385
MinimumVisualStudioVersion = 10.0.40219.1
Project("{FAE04EC0-301F-11D3-BF4B-00C04F79EFBC}") = "Matriz - Atividade 13", "Matriz - Atividade 13\Matriz - Atividade 13.csproj", "{39A44942-A328-4E0E-BAB5-CB78C0965A7B}"
EndProject
Global
	GlobalSection(SolutionConfigurationPlatforms) = preSolution
		Debug|Any CPU = Debug|Any CPU
		Release|Any CPU = Release|Any CPU
	EndGlobalSection
	GlobalSection(ProjectConfigurationPlatforms) = postSolution
		{39A44942-A328-4E0E-BAB5-CB78C0965A7B}.Debug|Any CPU.ActiveCfg = Debug|Any CPU
		{39A44942-A328-4E0E-BAB5-CB78C0965A7B}.Debug|Any CPU.Build.0 = Debug|Any CPU
		{39A44942-A328-4E0E-BAB5-CB78C0965A7B}.Release|Any CPU.ActiveCfg = Release|Any CPU
		{39A44942-A328-4E0E-BAB5-CB78C0965A7B}.Release|Any CPU.Build.0 = Release|Any CPU
	EndGlobalSection
	GlobalSection(SolutionProperties) = preSolution
		HideSolutionNode = FALSE
	EndGlobalSection
	GlobalSection(ExtensibilityGlobals) = postSolution
		SolutionGuid = {54D5C171-E368-4EC2-8173-4F96CFEE1CBB}
	EndGlobalSection
EndGlobal
