
Microsoft Visual Studio Solution File, Format Version 12.00
# Visual Studio Version 17
VisualStudioVersion = 17.3.32929.385
MinimumVisualStudioVersion = 10.0.40219.1
Project("{FAE04EC0-301F-11D3-BF4B-00C04F79EFBC}") = "Vetores - Atividade 8", "Vetores - Atividade 8\Vetores - Atividade 8.csproj", "{7F35A64D-7243-41B7-88DB-75E3CD1C8383}"
EndProject
Global
	GlobalSection(SolutionConfigurationPlatforms) = preSolution
		Debug|Any CPU = Debug|Any CPU
		Release|Any CPU = Release|Any CPU
	EndGlobalSection
	GlobalSection(ProjectConfigurationPlatforms) = postSolution
		{7F35A64D-7243-41B7-88DB-75E3CD1C8383}.Debug|Any CPU.ActiveCfg = Debug|Any CPU
		{7F35A64D-7243-41B7-88DB-75E3CD1C8383}.Debug|Any CPU.Build.0 = Debug|Any CPU
		{7F35A64D-7243-41B7-88DB-75E3CD1C8383}.Release|Any CPU.ActiveCfg = Release|Any CPU
		{7F35A64D-7243-41B7-88DB-75E3CD1C8383}.Release|Any CPU.Build.0 = Release|Any CPU
	EndGlobalSection
	GlobalSection(SolutionProperties) = preSolution
		HideSolutionNode = FALSE
	EndGlobalSection
	GlobalSection(ExtensibilityGlobals) = postSolution
		SolutionGuid = {D4BEEB8E-7FE5-404F-AC08-73EC5140A189}
	EndGlobalSection
EndGlobal
