
Microsoft Visual Studio Solution File, Format Version 12.00
# Visual Studio Version 17
VisualStudioVersion = 17.4.33110.190
MinimumVisualStudioVersion = 10.0.40219.1
Project("{FAE04EC0-301F-11D3-BF4B-00C04F79EFBC}") = "Orient. Obj. - Atividade 10", "Orient. Obj. - Atividade 10\Orient. Obj. - Atividade 10.csproj", "{5047C871-666D-4089-9E59-0D1E4E5F1804}"
EndProject
Global
	GlobalSection(SolutionConfigurationPlatforms) = preSolution
		Debug|Any CPU = Debug|Any CPU
		Release|Any CPU = Release|Any CPU
	EndGlobalSection
	GlobalSection(ProjectConfigurationPlatforms) = postSolution
		{5047C871-666D-4089-9E59-0D1E4E5F1804}.Debug|Any CPU.ActiveCfg = Debug|Any CPU
		{5047C871-666D-4089-9E59-0D1E4E5F1804}.Debug|Any CPU.Build.0 = Debug|Any CPU
		{5047C871-666D-4089-9E59-0D1E4E5F1804}.Release|Any CPU.ActiveCfg = Release|Any CPU
		{5047C871-666D-4089-9E59-0D1E4E5F1804}.Release|Any CPU.Build.0 = Release|Any CPU
	EndGlobalSection
	GlobalSection(SolutionProperties) = preSolution
		HideSolutionNode = FALSE
	EndGlobalSection
	GlobalSection(ExtensibilityGlobals) = postSolution
		SolutionGuid = {C92365E6-66FF-474F-BD82-9731B346639B}
	EndGlobalSection
EndGlobal
