
Microsoft Visual Studio Solution File, Format Version 12.00
# Visual Studio Version 17
VisualStudioVersion = 17.4.33110.190
MinimumVisualStudioVersion = 10.0.40219.1
Project("{FAE04EC0-301F-11D3-BF4B-00C04F79EFBC}") = "Orient. Obj. - Atividade 5", "Orient. Obj. - Atividade 5\Orient. Obj. - Atividade 5.csproj", "{61A81A15-22F6-4D73-B978-66D7F17B37A3}"
EndProject
Global
	GlobalSection(SolutionConfigurationPlatforms) = preSolution
		Debug|Any CPU = Debug|Any CPU
		Release|Any CPU = Release|Any CPU
	EndGlobalSection
	GlobalSection(ProjectConfigurationPlatforms) = postSolution
		{61A81A15-22F6-4D73-B978-66D7F17B37A3}.Debug|Any CPU.ActiveCfg = Debug|Any CPU
		{61A81A15-22F6-4D73-B978-66D7F17B37A3}.Debug|Any CPU.Build.0 = Debug|Any CPU
		{61A81A15-22F6-4D73-B978-66D7F17B37A3}.Release|Any CPU.ActiveCfg = Release|Any CPU
		{61A81A15-22F6-4D73-B978-66D7F17B37A3}.Release|Any CPU.Build.0 = Release|Any CPU
	EndGlobalSection
	GlobalSection(SolutionProperties) = preSolution
		HideSolutionNode = FALSE
	EndGlobalSection
	GlobalSection(ExtensibilityGlobals) = postSolution
		SolutionGuid = {0C54F522-1510-46BA-AE10-C62C151FF620}
	EndGlobalSection
EndGlobal
