
Microsoft Visual Studio Solution File, Format Version 12.00
# Visual Studio Version 17
VisualStudioVersion = 17.3.32929.385
MinimumVisualStudioVersion = 10.0.40219.1
Project("{FAE04EC0-301F-11D3-BF4B-00C04F79EFBC}") = "Vetores - Atividade 14", "Vetores - Atividade 14\Vetores - Atividade 14.csproj", "{D3A71456-BDD8-40EC-8FB8-22F5A45BB2FA}"
EndProject
Global
	GlobalSection(SolutionConfigurationPlatforms) = preSolution
		Debug|Any CPU = Debug|Any CPU
		Release|Any CPU = Release|Any CPU
	EndGlobalSection
	GlobalSection(ProjectConfigurationPlatforms) = postSolution
		{D3A71456-BDD8-40EC-8FB8-22F5A45BB2FA}.Debug|Any CPU.ActiveCfg = Debug|Any CPU
		{D3A71456-BDD8-40EC-8FB8-22F5A45BB2FA}.Debug|Any CPU.Build.0 = Debug|Any CPU
		{D3A71456-BDD8-40EC-8FB8-22F5A45BB2FA}.Release|Any CPU.ActiveCfg = Release|Any CPU
		{D3A71456-BDD8-40EC-8FB8-22F5A45BB2FA}.Release|Any CPU.Build.0 = Release|Any CPU
	EndGlobalSection
	GlobalSection(SolutionProperties) = preSolution
		HideSolutionNode = FALSE
	EndGlobalSection
	GlobalSection(ExtensibilityGlobals) = postSolution
		SolutionGuid = {B23BB32E-DFF1-4FE7-9463-0C0C8A2CE8DD}
	EndGlobalSection
EndGlobal
