
Microsoft Visual Studio Solution File, Format Version 12.00
# Visual Studio Version 17
VisualStudioVersion = 17.3.32929.385
MinimumVisualStudioVersion = 10.0.40219.1
Project("{FAE04EC0-301F-11D3-BF4B-00C04F79EFBC}") = "Matriz - Atividade 12", "Matriz - Atividade 12\Matriz - Atividade 12.csproj", "{03904DF8-867A-4C1A-80B9-CC23C276E6F2}"
EndProject
Global
	GlobalSection(SolutionConfigurationPlatforms) = preSolution
		Debug|Any CPU = Debug|Any CPU
		Release|Any CPU = Release|Any CPU
	EndGlobalSection
	GlobalSection(ProjectConfigurationPlatforms) = postSolution
		{03904DF8-867A-4C1A-80B9-CC23C276E6F2}.Debug|Any CPU.ActiveCfg = Debug|Any CPU
		{03904DF8-867A-4C1A-80B9-CC23C276E6F2}.Debug|Any CPU.Build.0 = Debug|Any CPU
		{03904DF8-867A-4C1A-80B9-CC23C276E6F2}.Release|Any CPU.ActiveCfg = Release|Any CPU
		{03904DF8-867A-4C1A-80B9-CC23C276E6F2}.Release|Any CPU.Build.0 = Release|Any CPU
	EndGlobalSection
	GlobalSection(SolutionProperties) = preSolution
		HideSolutionNode = FALSE
	EndGlobalSection
	GlobalSection(ExtensibilityGlobals) = postSolution
		SolutionGuid = {1633D7D5-3E07-46BC-AE62-FA72786617A1}
	EndGlobalSection
EndGlobal
