
Microsoft Visual Studio Solution File, Format Version 12.00
# Visual Studio Version 17
VisualStudioVersion = 17.4.33110.190
MinimumVisualStudioVersion = 10.0.40219.1
Project("{FAE04EC0-301F-11D3-BF4B-00C04F79EFBC}") = "Orient. Obj. - Atividade 6", "Orient. Obj. - Atividade 6\Orient. Obj. - Atividade 6.csproj", "{C39D95F0-010C-43B3-9341-4A3A75A1F619}"
EndProject
Global
	GlobalSection(SolutionConfigurationPlatforms) = preSolution
		Debug|Any CPU = Debug|Any CPU
		Release|Any CPU = Release|Any CPU
	EndGlobalSection
	GlobalSection(ProjectConfigurationPlatforms) = postSolution
		{C39D95F0-010C-43B3-9341-4A3A75A1F619}.Debug|Any CPU.ActiveCfg = Debug|Any CPU
		{C39D95F0-010C-43B3-9341-4A3A75A1F619}.Debug|Any CPU.Build.0 = Debug|Any CPU
		{C39D95F0-010C-43B3-9341-4A3A75A1F619}.Release|Any CPU.ActiveCfg = Release|Any CPU
		{C39D95F0-010C-43B3-9341-4A3A75A1F619}.Release|Any CPU.Build.0 = Release|Any CPU
	EndGlobalSection
	GlobalSection(SolutionProperties) = preSolution
		HideSolutionNode = FALSE
	EndGlobalSection
	GlobalSection(ExtensibilityGlobals) = postSolution
		SolutionGuid = {75D9BBB7-31B3-4E13-BAFA-87243D2EEF5A}
	EndGlobalSection
EndGlobal
