
Microsoft Visual Studio Solution File, Format Version 12.00
# Visual Studio Version 17
VisualStudioVersion = 17.4.33110.190
MinimumVisualStudioVersion = 10.0.40219.1
Project("{FAE04EC0-301F-11D3-BF4B-00C04F79EFBC}") = "Orient. Obj. - Atividade 2", "Orient. Obj. - Atividade 2\Orient. Obj. - Atividade 2.csproj", "{3AAF3EF6-4499-4E7D-9E31-B4358B305999}"
EndProject
Global
	GlobalSection(SolutionConfigurationPlatforms) = preSolution
		Debug|Any CPU = Debug|Any CPU
		Release|Any CPU = Release|Any CPU
	EndGlobalSection
	GlobalSection(ProjectConfigurationPlatforms) = postSolution
		{3AAF3EF6-4499-4E7D-9E31-B4358B305999}.Debug|Any CPU.ActiveCfg = Debug|Any CPU
		{3AAF3EF6-4499-4E7D-9E31-B4358B305999}.Debug|Any CPU.Build.0 = Debug|Any CPU
		{3AAF3EF6-4499-4E7D-9E31-B4358B305999}.Release|Any CPU.ActiveCfg = Release|Any CPU
		{3AAF3EF6-4499-4E7D-9E31-B4358B305999}.Release|Any CPU.Build.0 = Release|Any CPU
	EndGlobalSection
	GlobalSection(SolutionProperties) = preSolution
		HideSolutionNode = FALSE
	EndGlobalSection
	GlobalSection(ExtensibilityGlobals) = postSolution
		SolutionGuid = {227EDC0E-9FAF-4138-9470-801377F473CD}
	EndGlobalSection
EndGlobal
