
Microsoft Visual Studio Solution File, Format Version 12.00
# Visual Studio Version 17
VisualStudioVersion = 17.3.32929.385
MinimumVisualStudioVersion = 10.0.40219.1
Project("{FAE04EC0-301F-11D3-BF4B-00C04F79EFBC}") = "Matriz - Atividade 10", "Matriz - Atividade 10\Matriz - Atividade 10.csproj", "{25DCAEB0-915D-4A4D-92B4-20FC74572FDC}"
EndProject
Global
	GlobalSection(SolutionConfigurationPlatforms) = preSolution
		Debug|Any CPU = Debug|Any CPU
		Release|Any CPU = Release|Any CPU
	EndGlobalSection
	GlobalSection(ProjectConfigurationPlatforms) = postSolution
		{25DCAEB0-915D-4A4D-92B4-20FC74572FDC}.Debug|Any CPU.ActiveCfg = Debug|Any CPU
		{25DCAEB0-915D-4A4D-92B4-20FC74572FDC}.Debug|Any CPU.Build.0 = Debug|Any CPU
		{25DCAEB0-915D-4A4D-92B4-20FC74572FDC}.Release|Any CPU.ActiveCfg = Release|Any CPU
		{25DCAEB0-915D-4A4D-92B4-20FC74572FDC}.Release|Any CPU.Build.0 = Release|Any CPU
	EndGlobalSection
	GlobalSection(SolutionProperties) = preSolution
		HideSolutionNode = FALSE
	EndGlobalSection
	GlobalSection(ExtensibilityGlobals) = postSolution
		SolutionGuid = {77A9F411-81CF-4652-980C-463E4E39B737}
	EndGlobalSection
EndGlobal
