
Microsoft Visual Studio Solution File, Format Version 12.00
# Visual Studio Version 17
VisualStudioVersion = 17.3.32929.385
MinimumVisualStudioVersion = 10.0.40219.1
Project("{FAE04EC0-301F-11D3-BF4B-00C04F79EFBC}") = "Vetores - Atividade 5", "Vetores - Atividade 5\Vetores - Atividade 5.csproj", "{2AF914C5-1AFA-44D1-97DF-5B6FAF160178}"
EndProject
Global
	GlobalSection(SolutionConfigurationPlatforms) = preSolution
		Debug|Any CPU = Debug|Any CPU
		Release|Any CPU = Release|Any CPU
	EndGlobalSection
	GlobalSection(ProjectConfigurationPlatforms) = postSolution
		{2AF914C5-1AFA-44D1-97DF-5B6FAF160178}.Debug|Any CPU.ActiveCfg = Debug|Any CPU
		{2AF914C5-1AFA-44D1-97DF-5B6FAF160178}.Debug|Any CPU.Build.0 = Debug|Any CPU
		{2AF914C5-1AFA-44D1-97DF-5B6FAF160178}.Release|Any CPU.ActiveCfg = Release|Any CPU
		{2AF914C5-1AFA-44D1-97DF-5B6FAF160178}.Release|Any CPU.Build.0 = Release|Any CPU
	EndGlobalSection
	GlobalSection(SolutionProperties) = preSolution
		HideSolutionNode = FALSE
	EndGlobalSection
	GlobalSection(ExtensibilityGlobals) = postSolution
		SolutionGuid = {68976182-D76E-4C29-9760-1237E44D103A}
	EndGlobalSection
EndGlobal
